# THIS IS AN AUTOGENERATED FILE. DO NOT EDIT THIS FILE DIRECTLY.
# yarn lockfile v1


bowser@^2.11.0:
  version "2.11.0"
  resolved "https://registry.npmjs.org/bowser/-/bowser-2.11.0.tgz"
  integrity sha512-AlcaJBi/pqqJBIQ8U9Mcpc9i8Aqxn88Skv5d+xBX006BY5u8N3mGLHa5Lgppa7L/HfwgwLgZ6NYs+Ag6uUmJRA==

fast-xml-parser@^4.2.5:
  version "4.4.0"
  resolved "https://registry.yarnpkg.com/fast-xml-parser/-/fast-xml-parser-4.4.0.tgz#341cc98de71e9ba9e651a67f41f1752d1441a501"
  integrity sha512-kLY3jFlwIYwBNDojclKsNAC12sfD6NwW74QB2CoNGPvtVxjliYehVunB3HYyNi+n4Tt1dAcgwYvmKF/Z18flqg==
  dependencies:
    strnum "^1.0.5"

mnemonist@^0.38.3:
  version "0.38.5"
  resolved "https://registry.yarnpkg.com/mnemonist/-/mnemonist-0.38.5.tgz#4adc7f4200491237fe0fa689ac0b86539685cade"
  integrity sha512-bZTFT5rrPKtPJxj8KSV0WkPyNxl72vQepqqVUAW2ARUpUSF2qXMB6jZj7hW5/k7C1rtpzqbD/IIbJwLXUjCHeg==
  dependencies:
    obliterator "^2.0.0"

obliterator@^1.6.1:
  version "1.6.1"
  resolved "https://registry.npmjs.org/obliterator/-/obliterator-1.6.1.tgz"
  integrity sha512-9WXswnqINnnhOG/5SLimUlzuU1hFJUc8zkwyD59Sd+dPOMf05PmnYG/d6Q7HZ+KmgkZJa1PxRso6QdM3sTNHig==

obliterator@^2.0.0:
  version "2.0.4"
  resolved "https://registry.yarnpkg.com/obliterator/-/obliterator-2.0.4.tgz#fa650e019b2d075d745e44f1effeb13a2adbe816"
  integrity sha512-lgHwxlxV1qIg1Eap7LgIeoBWIMFibOjbrYPIPJZcI1mmGAI2m3lNYpK12Y+GBdPQ0U1hRwSord7GIaawz962qQ==

strnum@^1.0.5:
  version "1.0.5"
  resolved "https://registry.npmjs.org/strnum/-/strnum-1.0.5.tgz"
  integrity sha512-J8bbNyKKXl5qYcR36TIO8W3mVGVHrmmxsd5PAItGkmyzwJvybiw2IVq5nqd0i4LSNSkB/sx9VHllbfFdr9k1JA==

tslib@^2.6.3:
  version "2.6.3"
  resolved "https://registry.yarnpkg.com/tslib/-/tslib-2.6.3.tgz#0438f810ad7a9edcde7a241c3d80db693c8cbfe0"
  integrity sha512-xNvxJEOUiWPGhUuUdQgAJPKOOJfGnIyKySOc09XkKsgdUV/3E2zvwZYdejjmRgPCgcym1juLH3226yA7sEFJKQ==

uuid@^9.0.1:
  version "9.0.1"
  resolved "https://registry.npmjs.org/uuid/-/uuid-9.0.1.tgz"
  integrity sha512-b+1eJOlsR9K8HJpow9Ok3fiWOWSIcIzXodvv0rQjVoOVNpWMpxf1wZNpt4y9h10odCNrqnYp1OBzRktckBe3sA==
