{
  "name": "saveschedule",
  "version": "2.0.0",
  "lockfileVersion": 3,
  "requires": true,
  "packages": {
    "": {
      "name": "saveschedule",
      "version": "2.0.0",
      "license": "Apache-2.0",
      "dependencies": {
        "uuid": "^10.0.0"
      },
      "devDependencies": {
        "@types/aws-lambda": "^8.10.92"
      }
    },
    "node_modules/@types/aws-lambda": {
      "version": "8.10.140",
      "resolved": "https://registry.npmjs.org/@types/aws-lambda/-/aws-lambda-8.10.140.tgz",
      "integrity": "sha512-4Dh3dk2TUcbdfHrX0Al90mNGJDvA9NBiTQPzbrjGi/dLxzKCGOYgT8YQ47jUKNFALkAJAadifq0pzyjIUlhVhg==",
      "dev": true
    },
    "node_modules/uuid": {
      "version": "10.0.0",
      "resolved": "https://registry.npmjs.org/uuid/-/uuid-10.0.0.tgz",
      "integrity": "sha512-8XkAphELsDnEGrDxUOHB3RGvXz6TeuYSGEZBOjtTtPm2lwhGBjLgOzLHB63IUWfBpNucQjND6d3AOudO+H3RWQ==",
      "funding": [
        "https://github.com/sponsors/broofa",
        "https://github.com/sponsors/ctavan"
      ],
      "bin": {
        "uuid": "dist/bin/uuid"
      }
    }
  }
}
